
Microsoft Visual Studio Solution File, Format Version 12.00
# Visual Studio Version 16
VisualStudioVersion = 16.0.31112.23
MinimumVisualStudioVersion = 10.0.40219.1
Project("{FAE04EC0-301F-11D3-BF4B-00C04F79EFBC}") = "foreach", "foreach\foreach.csproj", "{2B29CC78-FF37-4B06-9B73-32B1192A1A5E}"
EndProject
Global
	GlobalSection(SolutionConfigurationPlatforms) = preSolution
		Debug|Any CPU = Debug|Any CPU
		Release|Any CPU = Release|Any CPU
	EndGlobalSection
	GlobalSection(ProjectConfigurationPlatforms) = postSolution
		{2B29CC78-FF37-4B06-9B73-32B1192A1A5E}.Debug|Any CPU.ActiveCfg = Debug|Any CPU
		{2B29CC78-FF37-4B06-9B73-32B1192A1A5E}.Debug|Any CPU.Build.0 = Debug|Any CPU
		{2B29CC78-FF37-4B06-9B73-32B1192A1A5E}.Release|Any CPU.ActiveCfg = Release|Any CPU
		{2B29CC78-FF37-4B06-9B73-32B1192A1A5E}.Release|Any CPU.Build.0 = Release|Any CPU
	EndGlobalSection
	GlobalSection(SolutionProperties) = preSolution
		HideSolutionNode = FALSE
	EndGlobalSection
	GlobalSection(ExtensibilityGlobals) = postSolution
		SolutionGuid = {65229524-07B0-456B-8B68-E5BCF1446E20}
	EndGlobalSection
EndGlobal
