
Microsoft Visual Studio Solution File, Format Version 12.00
# Visual Studio Version 16
VisualStudioVersion = 16.0.31112.23
MinimumVisualStudioVersion = 10.0.40219.1
Project("{FAE04EC0-301F-11D3-BF4B-00C04F79EFBC}") = "Getter-Setter Method", "Getter-Setter Method\Getter-Setter Method.csproj", "{1F65893D-52E3-4925-B9C3-285B1D1860DC}"
EndProject
Global
	GlobalSection(SolutionConfigurationPlatforms) = preSolution
		Debug|Any CPU = Debug|Any CPU
		Release|Any CPU = Release|Any CPU
	EndGlobalSection
	GlobalSection(ProjectConfigurationPlatforms) = postSolution
		{1F65893D-52E3-4925-B9C3-285B1D1860DC}.Debug|Any CPU.ActiveCfg = Debug|Any CPU
		{1F65893D-52E3-4925-B9C3-285B1D1860DC}.Debug|Any CPU.Build.0 = Debug|Any CPU
		{1F65893D-52E3-4925-B9C3-285B1D1860DC}.Release|Any CPU.ActiveCfg = Release|Any CPU
		{1F65893D-52E3-4925-B9C3-285B1D1860DC}.Release|Any CPU.Build.0 = Release|Any CPU
	EndGlobalSection
	GlobalSection(SolutionProperties) = preSolution
		HideSolutionNode = FALSE
	EndGlobalSection
	GlobalSection(ExtensibilityGlobals) = postSolution
		SolutionGuid = {33587962-A2E6-4F4A-821B-56BED21056F0}
	EndGlobalSection
EndGlobal
