
Microsoft Visual Studio Solution File, Format Version 12.00
# Visual Studio Version 16
VisualStudioVersion = 16.0.31112.23
MinimumVisualStudioVersion = 10.0.40219.1
Project("{FAE04EC0-301F-11D3-BF4B-00C04F79EFBC}") = "NS-SperateFiles-SAssembiles", "NS-SperateFiles-SAssembiles\NS-SperateFiles-SAssembiles.csproj", "{BF811BF4-DAF2-47CF-BD10-EFEB1435E5F8}"
EndProject
Project("{FAE04EC0-301F-11D3-BF4B-00C04F79EFBC}") = "ProjectA.TeamB", "ProjectA.TeamB\ProjectA.TeamB.csproj", "{C71D235B-23D9-47B7-A745-96BF27AB467D}"
EndProject
Global
	GlobalSection(SolutionConfigurationPlatforms) = preSolution
		Debug|Any CPU = Debug|Any CPU
		Release|Any CPU = Release|Any CPU
	EndGlobalSection
	GlobalSection(ProjectConfigurationPlatforms) = postSolution
		{BF811BF4-DAF2-47CF-BD10-EFEB1435E5F8}.Debug|Any CPU.ActiveCfg = Debug|Any CPU
		{BF811BF4-DAF2-47CF-BD10-EFEB1435E5F8}.Debug|Any CPU.Build.0 = Debug|Any CPU
		{BF811BF4-DAF2-47CF-BD10-EFEB1435E5F8}.Release|Any CPU.ActiveCfg = Release|Any CPU
		{BF811BF4-DAF2-47CF-BD10-EFEB1435E5F8}.Release|Any CPU.Build.0 = Release|Any CPU
		{C71D235B-23D9-47B7-A745-96BF27AB467D}.Debug|Any CPU.ActiveCfg = Debug|Any CPU
		{C71D235B-23D9-47B7-A745-96BF27AB467D}.Debug|Any CPU.Build.0 = Debug|Any CPU
		{C71D235B-23D9-47B7-A745-96BF27AB467D}.Release|Any CPU.ActiveCfg = Release|Any CPU
		{C71D235B-23D9-47B7-A745-96BF27AB467D}.Release|Any CPU.Build.0 = Release|Any CPU
	EndGlobalSection
	GlobalSection(SolutionProperties) = preSolution
		HideSolutionNode = FALSE
	EndGlobalSection
	GlobalSection(ExtensibilityGlobals) = postSolution
		SolutionGuid = {A9819FCF-BC0D-443F-9F48-3A8D75481828}
	EndGlobalSection
EndGlobal
