
Microsoft Visual Studio Solution File, Format Version 12.00
# Visual Studio Version 16
VisualStudioVersion = 16.0.31112.23
MinimumVisualStudioVersion = 10.0.40219.1
Project("{FAE04EC0-301F-11D3-BF4B-00C04F79EFBC}") = "escapeSequenceAndVerbatimLiteral", "escapeSequenceAndVerbatimLiteral\escapeSequenceAndVerbatimLiteral.csproj", "{46DC61A1-0104-4CD9-8CCB-19F3CEDCDA64}"
EndProject
Global
	GlobalSection(SolutionConfigurationPlatforms) = preSolution
		Debug|Any CPU = Debug|Any CPU
		Release|Any CPU = Release|Any CPU
	EndGlobalSection
	GlobalSection(ProjectConfigurationPlatforms) = postSolution
		{46DC61A1-0104-4CD9-8CCB-19F3CEDCDA64}.Debug|Any CPU.ActiveCfg = Debug|Any CPU
		{46DC61A1-0104-4CD9-8CCB-19F3CEDCDA64}.Debug|Any CPU.Build.0 = Debug|Any CPU
		{46DC61A1-0104-4CD9-8CCB-19F3CEDCDA64}.Release|Any CPU.ActiveCfg = Release|Any CPU
		{46DC61A1-0104-4CD9-8CCB-19F3CEDCDA64}.Release|Any CPU.Build.0 = Release|Any CPU
	EndGlobalSection
	GlobalSection(SolutionProperties) = preSolution
		HideSolutionNode = FALSE
	EndGlobalSection
	GlobalSection(ExtensibilityGlobals) = postSolution
		SolutionGuid = {2B2F8B38-A9D4-4816-A35E-B123884CC35D}
	EndGlobalSection
EndGlobal
