
Microsoft Visual Studio Solution File, Format Version 12.00
# Visual Studio Version 16
VisualStudioVersion = 16.0.31112.23
MinimumVisualStudioVersion = 10.0.40219.1
Project("{FAE04EC0-301F-11D3-BF4B-00C04F79EFBC}") = "read-write-to-Console", "read-write-to-Console\read-write-to-Console.csproj", "{F974538D-39B5-494A-8B23-0D8C806BAD3E}"
EndProject
Global
	GlobalSection(SolutionConfigurationPlatforms) = preSolution
		Debug|Any CPU = Debug|Any CPU
		Release|Any CPU = Release|Any CPU
	EndGlobalSection
	GlobalSection(ProjectConfigurationPlatforms) = postSolution
		{F974538D-39B5-494A-8B23-0D8C806BAD3E}.Debug|Any CPU.ActiveCfg = Debug|Any CPU
		{F974538D-39B5-494A-8B23-0D8C806BAD3E}.Debug|Any CPU.Build.0 = Debug|Any CPU
		{F974538D-39B5-494A-8B23-0D8C806BAD3E}.Release|Any CPU.ActiveCfg = Release|Any CPU
		{F974538D-39B5-494A-8B23-0D8C806BAD3E}.Release|Any CPU.Build.0 = Release|Any CPU
	EndGlobalSection
	GlobalSection(SolutionProperties) = preSolution
		HideSolutionNode = FALSE
	EndGlobalSection
	GlobalSection(ExtensibilityGlobals) = postSolution
		SolutionGuid = {6A1A7B99-0042-4AB5-B15B-C2F5721131D4}
	EndGlobalSection
EndGlobal
