
Microsoft Visual Studio Solution File, Format Version 12.00
# Visual Studio Version 16
VisualStudioVersion = 16.0.31112.23
MinimumVisualStudioVersion = 10.0.40219.1
Project("{FAE04EC0-301F-11D3-BF4B-00C04F79EFBC}") = "method[function]", "method[function]\method[function].csproj", "{0FD85014-DB36-4227-8FEB-247FDC8B99A1}"
EndProject
Global
	GlobalSection(SolutionConfigurationPlatforms) = preSolution
		Debug|Any CPU = Debug|Any CPU
		Release|Any CPU = Release|Any CPU
	EndGlobalSection
	GlobalSection(ProjectConfigurationPlatforms) = postSolution
		{0FD85014-DB36-4227-8FEB-247FDC8B99A1}.Debug|Any CPU.ActiveCfg = Debug|Any CPU
		{0FD85014-DB36-4227-8FEB-247FDC8B99A1}.Debug|Any CPU.Build.0 = Debug|Any CPU
		{0FD85014-DB36-4227-8FEB-247FDC8B99A1}.Release|Any CPU.ActiveCfg = Release|Any CPU
		{0FD85014-DB36-4227-8FEB-247FDC8B99A1}.Release|Any CPU.Build.0 = Release|Any CPU
	EndGlobalSection
	GlobalSection(SolutionProperties) = preSolution
		HideSolutionNode = FALSE
	EndGlobalSection
	GlobalSection(ExtensibilityGlobals) = postSolution
		SolutionGuid = {6F21A50E-7788-492A-BCB6-51A0A5AE3C98}
	EndGlobalSection
EndGlobal
